
Microsoft Visual Studio Solution File, Format Version 12.00
# Visual Studio Version 17
VisualStudioVersion = 17.6.33829.357
MinimumVisualStudioVersion = 10.0.40219.1
Project("{FAE04EC0-301F-11D3-BF4B-00C04F79EFBC}") = "EmptyWpfApp", "EmptyWpfApp.csproj", "{5F867ED2-C2E5-48CB-8EF9-2092D5BAD29E}"
EndProject
Global
	GlobalSection(SolutionConfigurationPlatforms) = preSolution
		Debug|Any CPU = Debug|Any CPU
		Release|Any CPU = Release|Any CPU
	EndGlobalSection
	GlobalSection(ProjectConfigurationPlatforms) = postSolution
		{5F867ED2-C2E5-48CB-8EF9-2092D5BAD29E}.Debug|Any CPU.ActiveCfg = Debug|Any CPU
		{5F867ED2-C2E5-48CB-8EF9-2092D5BAD29E}.Debug|Any CPU.Build.0 = Debug|Any CPU
		{5F867ED2-C2E5-48CB-8EF9-2092D5BAD29E}.Release|Any CPU.ActiveCfg = Release|Any CPU
		{5F867ED2-C2E5-48CB-8EF9-2092D5BAD29E}.Release|Any CPU.Build.0 = Release|Any CPU
	EndGlobalSection
	GlobalSection(SolutionProperties) = preSolution
		HideSolutionNode = FALSE
	EndGlobalSection
	GlobalSection(ExtensibilityGlobals) = postSolution
		SolutionGuid = {75E80FFA-E24F-470F-9314-077D1AB86A51}
	EndGlobalSection
EndGlobal
